
Microsoft Visual Studio Solution File, Format Version 12.00
# Visual Studio Version 17
VisualStudioVersion = 17.6.33723.286
MinimumVisualStudioVersion = 10.0.40219.1
Project("{FAE04EC0-301F-11D3-BF4B-00C04F79EFBC}") = "Singleton", "Singleton\Singleton.csproj", "{21634977-08B8-48F2-B558-BDE583805B11}"
EndProject
Global
	GlobalSection(SolutionConfigurationPlatforms) = preSolution
		Debug|Any CPU = Debug|Any CPU
		Release|Any CPU = Release|Any CPU
	EndGlobalSection
	GlobalSection(ProjectConfigurationPlatforms) = postSolution
		{21634977-08B8-48F2-B558-BDE583805B11}.Debug|Any CPU.ActiveCfg = Debug|Any CPU
		{21634977-08B8-48F2-B558-BDE583805B11}.Debug|Any CPU.Build.0 = Debug|Any CPU
		{21634977-08B8-48F2-B558-BDE583805B11}.Release|Any CPU.ActiveCfg = Release|Any CPU
		{21634977-08B8-48F2-B558-BDE583805B11}.Release|Any CPU.Build.0 = Release|Any CPU
	EndGlobalSection
	GlobalSection(SolutionProperties) = preSolution
		HideSolutionNode = FALSE
	EndGlobalSection
	GlobalSection(ExtensibilityGlobals) = postSolution
		SolutionGuid = {C3B31244-A848-4E60-A834-9F6103F7DA98}
	EndGlobalSection
EndGlobal
